
Microsoft Visual Studio Solution File, Format Version 12.00
# Visual Studio Version 16
VisualStudioVersion = 16.0.30611.23
MinimumVisualStudioVersion = 10.0.40219.1
Project("{8BC9CEB8-8B4A-11D0-8D11-00A0C91BC942}") = "ATProject", "ATProject.vcxproj", "{92973AD0-3C22-41C1-9131-15C5F5C227B5}"
EndProject
Global
	GlobalSection(SolutionConfigurationPlatforms) = preSolution
		Debug|x64 = Debug|x64
		Debug|x86 = Debug|x86
		Release|x64 = Release|x64
		Release|x86 = Release|x86
	EndGlobalSection
	GlobalSection(ProjectConfigurationPlatforms) = postSolution
		{92973AD0-3C22-41C1-9131-15C5F5C227B5}.Debug|x64.ActiveCfg = Debug|x64
		{92973AD0-3C22-41C1-9131-15C5F5C227B5}.Debug|x64.Build.0 = Debug|x64
		{92973AD0-3C22-41C1-9131-15C5F5C227B5}.Debug|x86.ActiveCfg = Debug|Win32
		{92973AD0-3C22-41C1-9131-15C5F5C227B5}.Debug|x86.Build.0 = Debug|Win32
		{92973AD0-3C22-41C1-9131-15C5F5C227B5}.Release|x64.ActiveCfg = Release|x64
		{92973AD0-3C22-41C1-9131-15C5F5C227B5}.Release|x64.Build.0 = Release|x64
		{92973AD0-3C22-41C1-9131-15C5F5C227B5}.Release|x86.ActiveCfg = Release|Win32
		{92973AD0-3C22-41C1-9131-15C5F5C227B5}.Release|x86.Build.0 = Release|Win32
	EndGlobalSection
	GlobalSection(SolutionProperties) = preSolution
		HideSolutionNode = FALSE
	EndGlobalSection
	GlobalSection(ExtensibilityGlobals) = postSolution
		SolutionGuid = {F90D0D77-6223-4CDA-BA60-937EA17D7998}
	EndGlobalSection
EndGlobal
